// !$*UTF8*$!
{
	archiveVersion = 1;
	classes = {
	};
	objectVersion = 46;
	objects = {

/* Begin PBXBuildFile section */
		A36244A81D58CB2100B3F979 /* OpenGLES.framework in Frameworks */ = {isa = PBXBuildFile; fileRef = A36244A71D58CB2100B3F979 /* OpenGLES.framework */; };
		A36244AA1D58CB2600B3F979 /* CoreVideo.framework in Frameworks */ = {isa = PBXBuildFile; fileRef = A36244A91D58CB2600B3F979 /* CoreVideo.framework */; };
		A36244AC1D58CB2A00B3F979 /* AVFoundation.framework in Frameworks */ = {isa = PBXBuildFile; fileRef = A36244AB1D58CB2A00B3F979 /* AVFoundation.framework */; };
		A36244AE1D58CB3300B3F979 /* CoreMedia.framework in Frameworks */ = {isa = PBXBuildFile; fileRef = A36244AD1D58CB3300B3F979 /* CoreMedia.framework */; };
		A36244B01D58CB3A00B3F979 /* QuartzCore.framework in Frameworks */ = {isa = PBXBuildFile; fileRef = A36244AF1D58CB3A00B3F979 /* QuartzCore.framework */; };
		A36244B41D58CC1100B3F979 /* ConstraintsBasedViewController.m in Sources */ = {isa = PBXBuildFile; fileRef = A36244B31D58CC1100B3F979 /* ConstraintsBasedViewController.m */; };
		A36244C31D58CD2800B3F979 /* libGPUImage.a in Frameworks */ = {isa = PBXBuildFile; fileRef = A36244BE1D58CD1B00B3F979 /* libGPUImage.a */; };
		A36244C51D58CD6900B3F979 /* swan.jpg in Resources */ = {isa = PBXBuildFile; fileRef = A36244C41D58CD6900B3F979 /* swan.jpg */; };
		A3E727A51D58C91800A44610 /* main.m in Sources */ = {isa = PBXBuildFile; fileRef = A3E727A41D58C91800A44610 /* main.m */; };
		A3E727A81D58C91800A44610 /* AppDelegate.m in Sources */ = {isa = PBXBuildFile; fileRef = A3E727A71D58C91800A44610 /* AppDelegate.m */; };
		A3E727AB1D58C91800A44610 /* SimpleAddSubviewViewController.m in Sources */ = {isa = PBXBuildFile; fileRef = A3E727AA1D58C91800A44610 /* SimpleAddSubviewViewController.m */; };
		A3E727AE1D58C91800A44610 /* Main.storyboard in Resources */ = {isa = PBXBuildFile; fileRef = A3E727AC1D58C91800A44610 /* Main.storyboard */; };
		A3E727B01D58C91900A44610 /* Assets.xcassets in Resources */ = {isa = PBXBuildFile; fileRef = A3E727AF1D58C91900A44610 /* Assets.xcassets */; };
		A3E727B31D58C91900A44610 /* LaunchScreen.storyboard in Resources */ = {isa = PBXBuildFile; fileRef = A3E727B11D58C91900A44610 /* LaunchScreen.storyboard */; };
/* End PBXBuildFile section */

/* Begin PBXContainerItemProxy section */
		A36244BD1D58CD1B00B3F979 /* PBXContainerItemProxy */ = {
			isa = PBXContainerItemProxy;
			containerPortal = A36244B71D58CD1B00B3F979 /* GPUImage.xcodeproj */;
			proxyType = 2;
			remoteGlobalIDString = BCF1A33414DDB1EC00852800;
			remoteInfo = GPUImage;
		};
		A36244BF1D58CD1B00B3F979 /* PBXContainerItemProxy */ = {
			isa = PBXContainerItemProxy;
			containerPortal = A36244B71D58CD1B00B3F979 /* GPUImage.xcodeproj */;
			proxyType = 2;
			remoteGlobalIDString = BCE209E51943F20C002FEED8;
			remoteInfo = GPUImageFramework;
		};
		A36244C11D58CD2300B3F979 /* PBXContainerItemProxy */ = {
			isa = PBXContainerItemProxy;
			containerPortal = A36244B71D58CD1B00B3F979 /* GPUImage.xcodeproj */;
			proxyType = 1;
			remoteGlobalIDString = BCF1A33314DDB1EC00852800;
			remoteInfo = GPUImage;
		};
/* End PBXContainerItemProxy section */

/* Begin PBXFileReference section */
		A36244A71D58CB2100B3F979 /* OpenGLES.framework */ = {isa = PBXFileReference; lastKnownFileType = wrapper.framework; name = OpenGLES.framework; path = System/Library/Frameworks/OpenGLES.framework; sourceTree = SDKROOT; };
		A36244A91D58CB2600B3F979 /* CoreVideo.framework */ = {isa = PBXFileReference; lastKnownFileType = wrapper.framework; name = CoreVideo.framework; path = System/Library/Frameworks/CoreVideo.framework; sourceTree = SDKROOT; };
		A36244AB1D58CB2A00B3F979 /* AVFoundation.framework */ = {isa = PBXFileReference; lastKnownFileType = wrapper.framework; name = AVFoundation.framework; path = System/Library/Frameworks/AVFoundation.framework; sourceTree = SDKROOT; };
		A36244AD1D58CB3300B3F979 /* CoreMedia.framework */ = {isa = PBXFileReference; lastKnownFileType = wrapper.framework; name = CoreMedia.framework; path = System/Library/Frameworks/CoreMedia.framework; sourceTree = SDKROOT; };
		A36244AF1D58CB3A00B3F979 /* QuartzCore.framework */ = {isa = PBXFileReference; lastKnownFileType = wrapper.framework; name = QuartzCore.framework; path = System/Library/Frameworks/QuartzCore.framework; sourceTree = SDKROOT; };
		A36244B21D58CC1100B3F979 /* ConstraintsBasedViewController.h */ = {isa = PBXFileReference; fileEncoding = 4; lastKnownFileType = sourcecode.c.h; path = ConstraintsBasedViewController.h; sourceTree = "<group>"; };
		A36244B31D58CC1100B3F979 /* ConstraintsBasedViewController.m */ = {isa = PBXFileReference; fileEncoding = 4; lastKnownFileType = sourcecode.c.objc; path = ConstraintsBasedViewController.m; sourceTree = "<group>"; };
		A36244B71D58CD1B00B3F979 /* GPUImage.xcodeproj */ = {isa = PBXFileReference; lastKnownFileType = "wrapper.pb-project"; name = GPUImage.xcodeproj; path = GPUImage/framework/GPUImage.xcodeproj; sourceTree = "<group>"; };
		A36244C41D58CD6900B3F979 /* swan.jpg */ = {isa = PBXFileReference; lastKnownFileType = image.jpeg; path = swan.jpg; sourceTree = "<group>"; };
		A3E727A01D58C91800A44610 /* GPUImageViewBugDemo.app */ = {isa = PBXFileReference; explicitFileType = wrapper.application; includeInIndex = 0; path = GPUImageViewBugDemo.app; sourceTree = BUILT_PRODUCTS_DIR; };
		A3E727A41D58C91800A44610 /* main.m */ = {isa = PBXFileReference; lastKnownFileType = sourcecode.c.objc; path = main.m; sourceTree = "<group>"; };
		A3E727A61D58C91800A44610 /* AppDelegate.h */ = {isa = PBXFileReference; lastKnownFileType = sourcecode.c.h; path = AppDelegate.h; sourceTree = "<group>"; };
		A3E727A71D58C91800A44610 /* AppDelegate.m */ = {isa = PBXFileReference; lastKnownFileType = sourcecode.c.objc; path = AppDelegate.m; sourceTree = "<group>"; };
		A3E727A91D58C91800A44610 /* SimpleAddSubviewViewController.h */ = {isa = PBXFileReference; lastKnownFileType = sourcecode.c.h; path = SimpleAddSubviewViewController.h; sourceTree = "<group>"; };
		A3E727AA1D58C91800A44610 /* SimpleAddSubviewViewController.m */ = {isa = PBXFileReference; lastKnownFileType = sourcecode.c.objc; path = SimpleAddSubviewViewController.m; sourceTree = "<group>"; };
		A3E727AD1D58C91800A44610 /* Base */ = {isa = PBXFileReference; lastKnownFileType = file.storyboard; name = Base; path = Base.lproj/Main.storyboard; sourceTree = "<group>"; };
		A3E727AF1D58C91900A44610 /* Assets.xcassets */ = {isa = PBXFileReference; lastKnownFileType = folder.assetcatalog; path = Assets.xcassets; sourceTree = "<group>"; };
		A3E727B21D58C91900A44610 /* Base */ = {isa = PBXFileReference; lastKnownFileType = file.storyboard; name = Base; path = Base.lproj/LaunchScreen.storyboard; sourceTree = "<group>"; };
		A3E727B41D58C91900A44610 /* Info.plist */ = {isa = PBXFileReference; lastKnownFileType = text.plist.xml; path = Info.plist; sourceTree = "<group>"; };
/* End PBXFileReference section */

/* Begin PBXFrameworksBuildPhase section */
		A3E7279D1D58C91800A44610 /* Frameworks */ = {
			isa = PBXFrameworksBuildPhase;
			buildActionMask = 2147483647;
			files = (
				A36244C31D58CD2800B3F979 /* libGPUImage.a in Frameworks */,
				A36244B01D58CB3A00B3F979 /* QuartzCore.framework in Frameworks */,
				A36244AE1D58CB3300B3F979 /* CoreMedia.framework in Frameworks */,
				A36244AC1D58CB2A00B3F979 /* AVFoundation.framework in Frameworks */,
				A36244AA1D58CB2600B3F979 /* CoreVideo.framework in Frameworks */,
				A36244A81D58CB2100B3F979 /* OpenGLES.framework in Frameworks */,
			);
			runOnlyForDeploymentPostprocessing = 0;
		};
/* End PBXFrameworksBuildPhase section */

/* Begin PBXGroup section */
		A36244B11D58CBE400B3F979 /* Libraries */ = {
			isa = PBXGroup;
			children = (
				A36244B71D58CD1B00B3F979 /* GPUImage.xcodeproj */,
				A36244AF1D58CB3A00B3F979 /* QuartzCore.framework */,
				A36244AD1D58CB3300B3F979 /* CoreMedia.framework */,
				A36244AB1D58CB2A00B3F979 /* AVFoundation.framework */,
				A36244A91D58CB2600B3F979 /* CoreVideo.framework */,
				A36244A71D58CB2100B3F979 /* OpenGLES.framework */,
			);
			name = Libraries;
			sourceTree = "<group>";
		};
		A36244B81D58CD1B00B3F979 /* Products */ = {
			isa = PBXGroup;
			children = (
				A36244BE1D58CD1B00B3F979 /* libGPUImage.a */,
				A36244C01D58CD1B00B3F979 /* GPUImage.framework */,
			);
			name = Products;
			sourceTree = "<group>";
		};
		A3E727971D58C91800A44610 = {
			isa = PBXGroup;
			children = (
				A36244B11D58CBE400B3F979 /* Libraries */,
				A3E727A21D58C91800A44610 /* GPUImageViewBugDemo */,
				A3E727A11D58C91800A44610 /* Products */,
			);
			sourceTree = "<group>";
		};
		A3E727A11D58C91800A44610 /* Products */ = {
			isa = PBXGroup;
			children = (
				A3E727A01D58C91800A44610 /* GPUImageViewBugDemo.app */,
			);
			name = Products;
			sourceTree = "<group>";
		};
		A3E727A21D58C91800A44610 /* GPUImageViewBugDemo */ = {
			isa = PBXGroup;
			children = (
				A36244C41D58CD6900B3F979 /* swan.jpg */,
				A3E727A61D58C91800A44610 /* AppDelegate.h */,
				A3E727A71D58C91800A44610 /* AppDelegate.m */,
				A3E727A91D58C91800A44610 /* SimpleAddSubviewViewController.h */,
				A3E727AA1D58C91800A44610 /* SimpleAddSubviewViewController.m */,
				A36244B21D58CC1100B3F979 /* ConstraintsBasedViewController.h */,
				A36244B31D58CC1100B3F979 /* ConstraintsBasedViewController.m */,
				A3E727AC1D58C91800A44610 /* Main.storyboard */,
				A3E727AF1D58C91900A44610 /* Assets.xcassets */,
				A3E727B11D58C91900A44610 /* LaunchScreen.storyboard */,
				A3E727B41D58C91900A44610 /* Info.plist */,
				A3E727A31D58C91800A44610 /* Supporting Files */,
			);
			path = GPUImageViewBugDemo;
			sourceTree = "<group>";
		};
		A3E727A31D58C91800A44610 /* Supporting Files */ = {
			isa = PBXGroup;
			children = (
				A3E727A41D58C91800A44610 /* main.m */,
			);
			name = "Supporting Files";
			sourceTree = "<group>";
		};
/* End PBXGroup section */

/* Begin PBXNativeTarget section */
		A3E7279F1D58C91800A44610 /* GPUImageViewBugDemo */ = {
			isa = PBXNativeTarget;
			buildConfigurationList = A3E727B71D58C91900A44610 /* Build configuration list for PBXNativeTarget "GPUImageViewBugDemo" */;
			buildPhases = (
				A3E7279C1D58C91800A44610 /* Sources */,
				A3E7279D1D58C91800A44610 /* Frameworks */,
				A3E7279E1D58C91800A44610 /* Resources */,
			);
			buildRules = (
			);
			dependencies = (
				A36244C21D58CD2300B3F979 /* PBXTargetDependency */,
			);
			name = GPUImageViewBugDemo;
			productName = GPUImageViewBugDemo;
			productReference = A3E727A01D58C91800A44610 /* GPUImageViewBugDemo.app */;
			productType = "com.apple.product-type.application";
		};
/* End PBXNativeTarget section */

/* Begin PBXProject section */
		A3E727981D58C91800A44610 /* Project object */ = {
			isa = PBXProject;
			attributes = {
				LastUpgradeCheck = 0730;
				ORGANIZATIONNAME = Silvansky;
				TargetAttributes = {
					A3E7279F1D58C91800A44610 = {
						CreatedOnToolsVersion = 7.3.1;
					};
				};
			};
			buildConfigurationList = A3E7279B1D58C91800A44610 /* Build configuration list for PBXProject "GPUImageViewBugDemo" */;
			compatibilityVersion = "Xcode 3.2";
			developmentRegion = English;
			hasScannedForEncodings = 0;
			knownRegions = (
				en,
				Base,
			);
			mainGroup = A3E727971D58C91800A44610;
			productRefGroup = A3E727A11D58C91800A44610 /* Products */;
			projectDirPath = "";
			projectReferences = (
				{
					ProductGroup = A36244B81D58CD1B00B3F979 /* Products */;
					ProjectRef = A36244B71D58CD1B00B3F979 /* GPUImage.xcodeproj */;
				},
			);
			projectRoot = "";
			targets = (
				A3E7279F1D58C91800A44610 /* GPUImageViewBugDemo */,
			);
		};
/* End PBXProject section */

/* Begin PBXReferenceProxy section */
		A36244BE1D58CD1B00B3F979 /* libGPUImage.a */ = {
			isa = PBXReferenceProxy;
			fileType = archive.ar;
			path = libGPUImage.a;
			remoteRef = A36244BD1D58CD1B00B3F979 /* PBXContainerItemProxy */;
			sourceTree = BUILT_PRODUCTS_DIR;
		};
		A36244C01D58CD1B00B3F979 /* GPUImage.framework */ = {
			isa = PBXReferenceProxy;
			fileType = wrapper.framework;
			path = GPUImage.framework;
			remoteRef = A36244BF1D58CD1B00B3F979 /* PBXContainerItemProxy */;
			sourceTree = BUILT_PRODUCTS_DIR;
		};
/* End PBXReferenceProxy section */

/* Begin PBXResourcesBuildPhase section */
		A3E7279E1D58C91800A44610 /* Resources */ = {
			isa = PBXResourcesBuildPhase;
			buildActionMask = 2147483647;
			files = (
				A36244C51D58CD6900B3F979 /* swan.jpg in Resources */,
				A3E727B31D58C91900A44610 /* LaunchScreen.storyboard in Resources */,
				A3E727B01D58C91900A44610 /* Assets.xcassets in Resources */,
				A3E727AE1D58C91800A44610 /* Main.storyboard in Resources */,
			);
			runOnlyForDeploymentPostprocessing = 0;
		};
/* End PBXResourcesBuildPhase section */

/* Begin PBXSourcesBuildPhase section */
		A3E7279C1D58C91800A44610 /* Sources */ = {
			isa = PBXSourcesBuildPhase;
			buildActionMask = 2147483647;
			files = (
				A3E727AB1D58C91800A44610 /* SimpleAddSubviewViewController.m in Sources */,
				A3E727A81D58C91800A44610 /* AppDelegate.m in Sources */,
				A36244B41D58CC1100B3F979 /* ConstraintsBasedViewController.m in Sources */,
				A3E727A51D58C91800A44610 /* main.m in Sources */,
			);
			runOnlyForDeploymentPostprocessing = 0;
		};
/* End PBXSourcesBuildPhase section */

/* Begin PBXTargetDependency section */
		A36244C21D58CD2300B3F979 /* PBXTargetDependency */ = {
			isa = PBXTargetDependency;
			name = GPUImage;
			targetProxy = A36244C11D58CD2300B3F979 /* PBXContainerItemProxy */;
		};
/* End PBXTargetDependency section */

/* Begin PBXVariantGroup section */
		A3E727AC1D58C91800A44610 /* Main.storyboard */ = {
			isa = PBXVariantGroup;
			children = (
				A3E727AD1D58C91800A44610 /* Base */,
			);
			name = Main.storyboard;
			sourceTree = "<group>";
		};
		A3E727B11D58C91900A44610 /* LaunchScreen.storyboard */ = {
			isa = PBXVariantGroup;
			children = (
				A3E727B21D58C91900A44610 /* Base */,
			);
			name = LaunchScreen.storyboard;
			sourceTree = "<group>";
		};
/* End PBXVariantGroup section */

/* Begin XCBuildConfiguration section */
		A3E727B51D58C91900A44610 /* Debug */ = {
			isa = XCBuildConfiguration;
			buildSettings = {
				ALWAYS_SEARCH_USER_PATHS = NO;
				CLANG_ANALYZER_NONNULL = YES;
				CLANG_CXX_LANGUAGE_STANDARD = "gnu++0x";
				CLANG_CXX_LIBRARY = "libc++";
				CLANG_ENABLE_MODULES = YES;
				CLANG_ENABLE_OBJC_ARC = YES;
				CLANG_WARN_BOOL_CONVERSION = YES;
				CLANG_WARN_CONSTANT_CONVERSION = YES;
				CLANG_WARN_DIRECT_OBJC_ISA_USAGE = YES_ERROR;
				CLANG_WARN_EMPTY_BODY = YES;
				CLANG_WARN_ENUM_CONVERSION = YES;
				CLANG_WARN_INT_CONVERSION = YES;
				CLANG_WARN_OBJC_ROOT_CLASS = YES_ERROR;
				CLANG_WARN_UNREACHABLE_CODE = YES;
				CLANG_WARN__DUPLICATE_METHOD_MATCH = YES;
				"CODE_SIGN_IDENTITY[sdk=iphoneos*]" = "iPhone Developer";
				COPY_PHASE_STRIP = NO;
				DEBUG_INFORMATION_FORMAT = dwarf;
				ENABLE_STRICT_OBJC_MSGSEND = YES;
				ENABLE_TESTABILITY = YES;
				GCC_C_LANGUAGE_STANDARD = gnu99;
				GCC_DYNAMIC_NO_PIC = NO;
				GCC_NO_COMMON_BLOCKS = YES;
				GCC_OPTIMIZATION_LEVEL = 0;
				GCC_PREPROCESSOR_DEFINITIONS = (
					"DEBUG=1",
					"$(inherited)",
				);
				GCC_WARN_64_TO_32_BIT_CONVERSION = YES;
				GCC_WARN_ABOUT_RETURN_TYPE = YES_ERROR;
				GCC_WARN_UNDECLARED_SELECTOR = YES;
				GCC_WARN_UNINITIALIZED_AUTOS = YES_AGGRESSIVE;
				GCC_WARN_UNUSED_FUNCTION = YES;
				GCC_WARN_UNUSED_VARIABLE = YES;
				IPHONEOS_DEPLOYMENT_TARGET = 9.3;
				MTL_ENABLE_DEBUG_INFO = YES;
				ONLY_ACTIVE_ARCH = YES;
				SDKROOT = iphoneos;
				TARGETED_DEVICE_FAMILY = "1,2";
			};
			name = Debug;
		};
		A3E727B61D58C91900A44610 /* Release */ = {
			isa = XCBuildConfiguration;
			buildSettings = {
				ALWAYS_SEARCH_USER_PATHS = NO;
				CLANG_ANALYZER_NONNULL = YES;
				CLANG_CXX_LANGUAGE_STANDARD = "gnu++0x";
				CLANG_CXX_LIBRARY = "libc++";
				CLANG_ENABLE_MODULES = YES;
				CLANG_ENABLE_OBJC_ARC = YES;
				CLANG_WARN_BOOL_CONVERSION = YES;
				CLANG_WARN_CONSTANT_CONVERSION = YES;
				CLANG_WARN_DIRECT_OBJC_ISA_USAGE = YES_ERROR;
				CLANG_WARN_EMPTY_BODY = YES;
				CLANG_WARN_ENUM_CONVERSION = YES;
				CLANG_WARN_INT_CONVERSION = YES;
				CLANG_WARN_OBJC_ROOT_CLASS = YES_ERROR;
				CLANG_WARN_UNREACHABLE_CODE = YES;
				CLANG_WARN__DUPLICATE_METHOD_MATCH = YES;
				"CODE_SIGN_IDENTITY[sdk=iphoneos*]" = "iPhone Developer";
				COPY_PHASE_STRIP = NO;
				DEBUG_INFORMATION_FORMAT = "dwarf-with-dsym";
				ENABLE_NS_ASSERTIONS = NO;
				ENABLE_STRICT_OBJC_MSGSEND = YES;
				GCC_C_LANGUAGE_STANDARD = gnu99;
				GCC_NO_COMMON_BLOCKS = YES;
				GCC_WARN_64_TO_32_BIT_CONVERSION = YES;
				GCC_WARN_ABOUT_RETURN_TYPE = YES_ERROR;
				GCC_WARN_UNDECLARED_SELECTOR = YES;
				GCC_WARN_UNINITIALIZED_AUTOS = YES_AGGRESSIVE;
				GCC_WARN_UNUSED_FUNCTION = YES;
				GCC_WARN_UNUSED_VARIABLE = YES;
				IPHONEOS_DEPLOYMENT_TARGET = 9.3;
				MTL_ENABLE_DEBUG_INFO = NO;
				SDKROOT = iphoneos;
				TARGETED_DEVICE_FAMILY = "1,2";
				VALIDATE_PRODUCT = YES;
			};
			name = Release;
		};
		A3E727B81D58C91900A44610 /* Debug */ = {
			isa = XCBuildConfiguration;
			buildSettings = {
				ASSETCATALOG_COMPILER_APPICON_NAME = AppIcon;
				INFOPLIST_FILE = GPUImageViewBugDemo/Info.plist;
				IPHONEOS_DEPLOYMENT_TARGET = 8.0;
				LD_RUNPATH_SEARCH_PATHS = "$(inherited) @executable_path/Frameworks";
				PRODUCT_BUNDLE_IDENTIFIER = com.silvansky.GPUImageViewBugDemo;
				PRODUCT_NAME = "$(TARGET_NAME)";
				USER_HEADER_SEARCH_PATHS = "GPUImage/**";
			};
			name = Debug;
		};
		A3E727B91D58C91900A44610 /* Release */ = {
			isa = XCBuildConfiguration;
			buildSettings = {
				ASSETCATALOG_COMPILER_APPICON_NAME = AppIcon;
				INFOPLIST_FILE = GPUImageViewBugDemo/Info.plist;
				IPHONEOS_DEPLOYMENT_TARGET = 8.0;
				LD_RUNPATH_SEARCH_PATHS = "$(inherited) @executable_path/Frameworks";
				PRODUCT_BUNDLE_IDENTIFIER = com.silvansky.GPUImageViewBugDemo;
				PRODUCT_NAME = "$(TARGET_NAME)";
				USER_HEADER_SEARCH_PATHS = "GPUImage/**";
			};
			name = Release;
		};
/* End XCBuildConfiguration section */

/* Begin XCConfigurationList section */
		A3E7279B1D58C91800A44610 /* Build configuration list for PBXProject "GPUImageViewBugDemo" */ = {
			isa = XCConfigurationList;
			buildConfigurations = (
				A3E727B51D58C91900A44610 /* Debug */,
				A3E727B61D58C91900A44610 /* Release */,
			);
			defaultConfigurationIsVisible = 0;
			defaultConfigurationName = Release;
		};
		A3E727B71D58C91900A44610 /* Build configuration list for PBXNativeTarget "GPUImageViewBugDemo" */ = {
			isa = XCConfigurationList;
			buildConfigurations = (
				A3E727B81D58C91900A44610 /* Debug */,
				A3E727B91D58C91900A44610 /* Release */,
			);
			defaultConfigurationIsVisible = 0;
			defaultConfigurationName = Release;
		};
/* End XCConfigurationList section */
	};
	rootObject = A3E727981D58C91800A44610 /* Project object */;
}
